// !$*UTF8*$!
{
	archiveVersion = 1;
	classes = {
	};
	objectVersion = 56;
	objects = {

/* Begin PBXBuildFile section */
		1B8DAE8A2BD6B1E000FF842D /* NeurableCodingTaskApp.swift in Sources */ = {isa = PBXBuildFile; fileRef = 1B8DAE892BD6B1E000FF842D /* NeurableCodingTaskApp.swift */; };
		1B8DAE8C2BD6B1E000FF842D /* ContentView.swift in Sources */ = {isa = PBXBuildFile; fileRef = 1B8DAE8B2BD6B1E000FF842D /* ContentView.swift */; };
		1B8DAE8E2BD6B1E100FF842D /* Assets.xcassets in Resources */ = {isa = PBXBuildFile; fileRef = 1B8DAE8D2BD6B1E100FF842D /* Assets.xcassets */; };
		1B8DAE912BD6B1E100FF842D /* Preview Assets.xcassets in Resources */ = {isa = PBXBuildFile; fileRef = 1B8DAE902BD6B1E100FF842D /* Preview Assets.xcassets */; };
		1B8DAE992BD6B1F100FF842D /* ProtobufValidator.swift in Sources */ = {isa = PBXBuildFile; fileRef = 1B8DAE972BD6B1F100FF842D /* ProtobufValidator.swift */; };
		1B8DAE9A2BD6B1F100FF842D /* session.pb.swift in Sources */ = {isa = PBXBuildFile; fileRef = 1B8DAE982BD6B1F100FF842D /* session.pb.swift */; };
		1B8DAE9D2BD6BDE300FF842D /* SwiftProtobuf in Frameworks */ = {isa = PBXBuildFile; productRef = 1B8DAE9C2BD6BDE300FF842D /* SwiftProtobuf */; };
		1B8DAE9F2BD6BDE300FF842D /* SwiftProtobufPluginLibrary in Frameworks */ = {isa = PBXBuildFile; productRef = 1B8DAE9E2BD6BDE300FF842D /* SwiftProtobufPluginLibrary */; };
		1B8DAEA12BD6BDE300FF842D /* protoc-gen-swift in Frameworks */ = {isa = PBXBuildFile; productRef = 1B8DAEA02BD6BDE300FF842D /* protoc-gen-swift */; };
		1B8DAEA52BD9E90600FF842D /* ContenView-ViewModel.swift in Sources */ = {isa = PBXBuildFile; fileRef = 1B8DAEA42BD9E90600FF842D /* ContenView-ViewModel.swift */; };
/* End PBXBuildFile section */

/* Begin PBXFileReference section */
		1B8DAE862BD6B1E000FF842D /* NeurableCodingTask.app */ = {isa = PBXFileReference; explicitFileType = wrapper.application; includeInIndex = 0; path = NeurableCodingTask.app; sourceTree = BUILT_PRODUCTS_DIR; };
		1B8DAE892BD6B1E000FF842D /* NeurableCodingTaskApp.swift */ = {isa = PBXFileReference; lastKnownFileType = sourcecode.swift; path = NeurableCodingTaskApp.swift; sourceTree = "<group>"; };
		1B8DAE8B2BD6B1E000FF842D /* ContentView.swift */ = {isa = PBXFileReference; lastKnownFileType = sourcecode.swift; path = ContentView.swift; sourceTree = "<group>"; };
		1B8DAE8D2BD6B1E100FF842D /* Assets.xcassets */ = {isa = PBXFileReference; lastKnownFileType = folder.assetcatalog; path = Assets.xcassets; sourceTree = "<group>"; };
		1B8DAE902BD6B1E100FF842D /* Preview Assets.xcassets */ = {isa = PBXFileReference; lastKnownFileType = folder.assetcatalog; path = "Preview Assets.xcassets"; sourceTree = "<group>"; };
		1B8DAE972BD6B1F100FF842D /* ProtobufValidator.swift */ = {isa = PBXFileReference; fileEncoding = 4; lastKnownFileType = sourcecode.swift; path = ProtobufValidator.swift; sourceTree = "<group>"; };
		1B8DAE982BD6B1F100FF842D /* session.pb.swift */ = {isa = PBXFileReference; fileEncoding = 4; lastKnownFileType = sourcecode.swift; path = session.pb.swift; sourceTree = "<group>"; };
		1B8DAEA42BD9E90600FF842D /* ContenView-ViewModel.swift */ = {isa = PBXFileReference; lastKnownFileType = sourcecode.swift; path = "ContenView-ViewModel.swift"; sourceTree = "<group>"; };
/* End PBXFileReference section */

/* Begin PBXFrameworksBuildPhase section */
		1B8DAE832BD6B1E000FF842D /* Frameworks */ = {
			isa = PBXFrameworksBuildPhase;
			buildActionMask = 2147483647;
			files = (
				1B8DAE9F2BD6BDE300FF842D /* SwiftProtobufPluginLibrary in Frameworks */,
				1B8DAE9D2BD6BDE300FF842D /* SwiftProtobuf in Frameworks */,
				1B8DAEA12BD6BDE300FF842D /* protoc-gen-swift in Frameworks */,
			);
			runOnlyForDeploymentPostprocessing = 0;
		};
/* End PBXFrameworksBuildPhase section */

/* Begin PBXGroup section */
		1B8DAE7D2BD6B1E000FF842D = {
			isa = PBXGroup;
			children = (
				1B8DAE882BD6B1E000FF842D /* NeurableCodingTask */,
				1B8DAE872BD6B1E000FF842D /* Products */,
			);
			sourceTree = "<group>";
		};
		1B8DAE872BD6B1E000FF842D /* Products */ = {
			isa = PBXGroup;
			children = (
				1B8DAE862BD6B1E000FF842D /* NeurableCodingTask.app */,
			);
			name = Products;
			sourceTree = "<group>";
		};
		1B8DAE882BD6B1E000FF842D /* NeurableCodingTask */ = {
			isa = PBXGroup;
			children = (
				1B8DAE892BD6B1E000FF842D /* NeurableCodingTaskApp.swift */,
				1B8DAE8B2BD6B1E000FF842D /* ContentView.swift */,
				1B8DAEA42BD9E90600FF842D /* ContenView-ViewModel.swift */,
				1B8DAE972BD6B1F100FF842D /* ProtobufValidator.swift */,
				1B8DAE982BD6B1F100FF842D /* session.pb.swift */,
				1B8DAE8D2BD6B1E100FF842D /* Assets.xcassets */,
				1B8DAE8F2BD6B1E100FF842D /* Preview Content */,
			);
			path = NeurableCodingTask;
			sourceTree = "<group>";
		};
		1B8DAE8F2BD6B1E100FF842D /* Preview Content */ = {
			isa = PBXGroup;
			children = (
				1B8DAE902BD6B1E100FF842D /* Preview Assets.xcassets */,
			);
			path = "Preview Content";
			sourceTree = "<group>";
		};
/* End PBXGroup section */

/* Begin PBXNativeTarget section */
		1B8DAE852BD6B1E000FF842D /* NeurableCodingTask */ = {
			isa = PBXNativeTarget;
			buildConfigurationList = 1B8DAE942BD6B1E100FF842D /* Build configuration list for PBXNativeTarget "NeurableCodingTask" */;
			buildPhases = (
				1B8DAE822BD6B1E000FF842D /* Sources */,
				1B8DAE832BD6B1E000FF842D /* Frameworks */,
				1B8DAE842BD6B1E000FF842D /* Resources */,
			);
			buildRules = (
			);
			dependencies = (
			);
			name = NeurableCodingTask;
			packageProductDependencies = (
				1B8DAE9C2BD6BDE300FF842D /* SwiftProtobuf */,
				1B8DAE9E2BD6BDE300FF842D /* SwiftProtobufPluginLibrary */,
				1B8DAEA02BD6BDE300FF842D /* protoc-gen-swift */,
			);
			productName = NeurableCodingTask;
			productReference = 1B8DAE862BD6B1E000FF842D /* NeurableCodingTask.app */;
			productType = "com.apple.product-type.application";
		};
/* End PBXNativeTarget section */

/* Begin PBXProject section */
		1B8DAE7E2BD6B1E000FF842D /* Project object */ = {
			isa = PBXProject;
			attributes = {
				BuildIndependentTargetsInParallel = 1;
				LastSwiftUpdateCheck = 1530;
				LastUpgradeCheck = 1530;
				TargetAttributes = {
					1B8DAE852BD6B1E000FF842D = {
						CreatedOnToolsVersion = 15.3;
					};
				};
			};
			buildConfigurationList = 1B8DAE812BD6B1E000FF842D /* Build configuration list for PBXProject "NeurableCodingTask" */;
			compatibilityVersion = "Xcode 14.0";
			developmentRegion = en;
			hasScannedForEncodings = 0;
			knownRegions = (
				en,
				Base,
			);
			mainGroup = 1B8DAE7D2BD6B1E000FF842D;
			packageReferences = (
				1B8DAE9B2BD6BDE300FF842D /* XCRemoteSwiftPackageReference "swift-protobuf" */,
			);
			productRefGroup = 1B8DAE872BD6B1E000FF842D /* Products */;
			projectDirPath = "";
			projectRoot = "";
			targets = (
				1B8DAE852BD6B1E000FF842D /* NeurableCodingTask */,
			);
		};
/* End PBXProject section */

/* Begin PBXResourcesBuildPhase section */
		1B8DAE842BD6B1E000FF842D /* Resources */ = {
			isa = PBXResourcesBuildPhase;
			buildActionMask = 2147483647;
			files = (
				1B8DAE912BD6B1E100FF842D /* Preview Assets.xcassets in Resources */,
				1B8DAE8E2BD6B1E100FF842D /* Assets.xcassets in Resources */,
			);
			runOnlyForDeploymentPostprocessing = 0;
		};
/* End PBXResourcesBuildPhase section */

/* Begin PBXSourcesBuildPhase section */
		1B8DAE822BD6B1E000FF842D /* Sources */ = {
			isa = PBXSourcesBuildPhase;
			buildActionMask = 2147483647;
			files = (
				1B8DAE8C2BD6B1E000FF842D /* ContentView.swift in Sources */,
				1B8DAEA52BD9E90600FF842D /* ContenView-ViewModel.swift in Sources */,
				1B8DAE8A2BD6B1E000FF842D /* NeurableCodingTaskApp.swift in Sources */,
				1B8DAE992BD6B1F100FF842D /* ProtobufValidator.swift in Sources */,
				1B8DAE9A2BD6B1F100FF842D /* session.pb.swift in Sources */,
			);
			runOnlyForDeploymentPostprocessing = 0;
		};
/* End PBXSourcesBuildPhase section */

/* Begin XCBuildConfiguration section */
		1B8DAE922BD6B1E100FF842D /* Debug */ = {
			isa = XCBuildConfiguration;
			buildSettings = {
				ALWAYS_SEARCH_USER_PATHS = NO;
				ASSETCATALOG_COMPILER_GENERATE_SWIFT_ASSET_SYMBOL_EXTENSIONS = YES;
				CLANG_ANALYZER_NONNULL = YES;
				CLANG_ANALYZER_NUMBER_OBJECT_CONVERSION = YES_AGGRESSIVE;
				CLANG_CXX_LANGUAGE_STANDARD = "gnu++20";
				CLANG_ENABLE_MODULES = YES;
				CLANG_ENABLE_OBJC_ARC = YES;
				CLANG_ENABLE_OBJC_WEAK = YES;
				CLANG_WARN_BLOCK_CAPTURE_AUTORELEASING = YES;
				CLANG_WARN_BOOL_CONVERSION = YES;
				CLANG_WARN_COMMA = YES;
				CLANG_WARN_CONSTANT_CONVERSION = YES;
				CLANG_WARN_DEPRECATED_OBJC_IMPLEMENTATIONS = YES;
				CLANG_WARN_DIRECT_OBJC_ISA_USAGE = YES_ERROR;
				CLANG_WARN_DOCUMENTATION_COMMENTS = YES;
				CLANG_WARN_EMPTY_BODY = YES;
				CLANG_WARN_ENUM_CONVERSION = YES;
				CLANG_WARN_INFINITE_RECURSION = YES;
				CLANG_WARN_INT_CONVERSION = YES;
				CLANG_WARN_NON_LITERAL_NULL_CONVERSION = YES;
				CLANG_WARN_OBJC_IMPLICIT_RETAIN_SELF = YES;
				CLANG_WARN_OBJC_LITERAL_CONVERSION = YES;
				CLANG_WARN_OBJC_ROOT_CLASS = YES_ERROR;
				CLANG_WARN_QUOTED_INCLUDE_IN_FRAMEWORK_HEADER = YES;
				CLANG_WARN_RANGE_LOOP_ANALYSIS = YES;
				CLANG_WARN_STRICT_PROTOTYPES = YES;
				CLANG_WARN_SUSPICIOUS_MOVE = YES;
				CLANG_WARN_UNGUARDED_AVAILABILITY = YES_AGGRESSIVE;
				CLANG_WARN_UNREACHABLE_CODE = YES;
				CLANG_WARN__DUPLICATE_METHOD_MATCH = YES;
				COPY_PHASE_STRIP = NO;
				DEBUG_INFORMATION_FORMAT = dwarf;
				ENABLE_STRICT_OBJC_MSGSEND = YES;
				ENABLE_TESTABILITY = YES;
				ENABLE_USER_SCRIPT_SANDBOXING = YES;
				GCC_C_LANGUAGE_STANDARD = gnu17;
				GCC_DYNAMIC_NO_PIC = NO;
				GCC_NO_COMMON_BLOCKS = YES;
				GCC_OPTIMIZATION_LEVEL = 0;
				GCC_PREPROCESSOR_DEFINITIONS = (
					"DEBUG=1",
					"$(inherited)",
				);
				GCC_WARN_64_TO_32_BIT_CONVERSION = YES;
				GCC_WARN_ABOUT_RETURN_TYPE = YES_ERROR;
				GCC_WARN_UNDECLARED_SELECTOR = YES;
				GCC_WARN_UNINITIALIZED_AUTOS = YES_AGGRESSIVE;
				GCC_WARN_UNUSED_FUNCTION = YES;
				GCC_WARN_UNUSED_VARIABLE = YES;
				IPHONEOS_DEPLOYMENT_TARGET = 17.4;
				LOCALIZATION_PREFERS_STRING_CATALOGS = YES;
				MTL_ENABLE_DEBUG_INFO = INCLUDE_SOURCE;
				MTL_FAST_MATH = YES;
				ONLY_ACTIVE_ARCH = YES;
				SDKROOT = iphoneos;
				SWIFT_ACTIVE_COMPILATION_CONDITIONS = "DEBUG $(inherited)";
				SWIFT_OPTIMIZATION_LEVEL = "-Onone";
			};
			name = Debug;
		};
		1B8DAE932BD6B1E100FF842D /* Release */ = {
			isa = XCBuildConfiguration;
			buildSettings = {
				ALWAYS_SEARCH_USER_PATHS = NO;
				ASSETCATALOG_COMPILER_GENERATE_SWIFT_ASSET_SYMBOL_EXTENSIONS = YES;
				CLANG_ANALYZER_NONNULL = YES;
				CLANG_ANALYZER_NUMBER_OBJECT_CONVERSION = YES_AGGRESSIVE;
				CLANG_CXX_LANGUAGE_STANDARD = "gnu++20";
				CLANG_ENABLE_MODULES = YES;
				CLANG_ENABLE_OBJC_ARC = YES;
				CLANG_ENABLE_OBJC_WEAK = YES;
				CLANG_WARN_BLOCK_CAPTURE_AUTORELEASING = YES;
				CLANG_WARN_BOOL_CONVERSION = YES;
				CLANG_WARN_COMMA = YES;
				CLANG_WARN_CONSTANT_CONVERSION = YES;
				CLANG_WARN_DEPRECATED_OBJC_IMPLEMENTATIONS = YES;
				CLANG_WARN_DIRECT_OBJC_ISA_USAGE = YES_ERROR;
				CLANG_WARN_DOCUMENTATION_COMMENTS = YES;
				CLANG_WARN_EMPTY_BODY = YES;
				CLANG_WARN_ENUM_CONVERSION = YES;
				CLANG_WARN_INFINITE_RECURSION = YES;
				CLANG_WARN_INT_CONVERSION = YES;
				CLANG_WARN_NON_LITERAL_NULL_CONVERSION = YES;
				CLANG_WARN_OBJC_IMPLICIT_RETAIN_SELF = YES;
				CLANG_WARN_OBJC_LITERAL_CONVERSION = YES;
				CLANG_WARN_OBJC_ROOT_CLASS = YES_ERROR;
				CLANG_WARN_QUOTED_INCLUDE_IN_FRAMEWORK_HEADER = YES;
				CLANG_WARN_RANGE_LOOP_ANALYSIS = YES;
				CLANG_WARN_STRICT_PROTOTYPES = YES;
				CLANG_WARN_SUSPICIOUS_MOVE = YES;
				CLANG_WARN_UNGUARDED_AVAILABILITY = YES_AGGRESSIVE;
				CLANG_WARN_UNREACHABLE_CODE = YES;
				CLANG_WARN__DUPLICATE_METHOD_MATCH = YES;
				COPY_PHASE_STRIP = NO;
				DEBUG_INFORMATION_FORMAT = "dwarf-with-dsym";
				ENABLE_NS_ASSERTIONS = NO;
				ENABLE_STRICT_OBJC_MSGSEND = YES;
				ENABLE_USER_SCRIPT_SANDBOXING = YES;
				GCC_C_LANGUAGE_STANDARD = gnu17;
				GCC_NO_COMMON_BLOCKS = YES;
				GCC_WARN_64_TO_32_BIT_CONVERSION = YES;
				GCC_WARN_ABOUT_RETURN_TYPE = YES_ERROR;
				GCC_WARN_UNDECLARED_SELECTOR = YES;
				GCC_WARN_UNINITIALIZED_AUTOS = YES_AGGRESSIVE;
				GCC_WARN_UNUSED_FUNCTION = YES;
				GCC_WARN_UNUSED_VARIABLE = YES;
				IPHONEOS_DEPLOYMENT_TARGET = 17.4;
				LOCALIZATION_PREFERS_STRING_CATALOGS = YES;
				MTL_ENABLE_DEBUG_INFO = NO;
				MTL_FAST_MATH = YES;
				SDKROOT = iphoneos;
				SWIFT_COMPILATION_MODE = wholemodule;
				VALIDATE_PRODUCT = YES;
			};
			name = Release;
		};
		1B8DAE952BD6B1E100FF842D /* Debug */ = {
			isa = XCBuildConfiguration;
			buildSettings = {
				ASSETCATALOG_COMPILER_APPICON_NAME = AppIcon;
				ASSETCATALOG_COMPILER_GLOBAL_ACCENT_COLOR_NAME = AccentColor;
				CODE_SIGN_STYLE = Automatic;
				CURRENT_PROJECT_VERSION = 1;
				DEVELOPMENT_ASSET_PATHS = "\"NeurableCodingTask/Preview Content\"";
				ENABLE_PREVIEWS = YES;
				GENERATE_INFOPLIST_FILE = YES;
				INFOPLIST_KEY_UIApplicationSceneManifest_Generation = YES;
				INFOPLIST_KEY_UIApplicationSupportsIndirectInputEvents = YES;
				INFOPLIST_KEY_UILaunchScreen_Generation = YES;
				INFOPLIST_KEY_UISupportedInterfaceOrientations_iPad = "UIInterfaceOrientationPortrait UIInterfaceOrientationPortraitUpsideDown UIInterfaceOrientationLandscapeLeft UIInterfaceOrientationLandscapeRight";
				INFOPLIST_KEY_UISupportedInterfaceOrientations_iPhone = "UIInterfaceOrientationPortrait UIInterfaceOrientationLandscapeLeft UIInterfaceOrientationLandscapeRight";
				LD_RUNPATH_SEARCH_PATHS = (
					"$(inherited)",
					"@executable_path/Frameworks",
				);
				MARKETING_VERSION = 1.0;
				PRODUCT_BUNDLE_IDENTIFIER = maidesigns.NeurableCodingTask;
				PRODUCT_NAME = "$(TARGET_NAME)";
				SWIFT_EMIT_LOC_STRINGS = YES;
				SWIFT_VERSION = 5.0;
				TARGETED_DEVICE_FAMILY = "1,2";
			};
			name = Debug;
		};
		1B8DAE962BD6B1E100FF842D /* Release */ = {
			isa = XCBuildConfiguration;
			buildSettings = {
				ASSETCATALOG_COMPILER_APPICON_NAME = AppIcon;
				ASSETCATALOG_COMPILER_GLOBAL_ACCENT_COLOR_NAME = AccentColor;
				CODE_SIGN_STYLE = Automatic;
				CURRENT_PROJECT_VERSION = 1;
				DEVELOPMENT_ASSET_PATHS = "\"NeurableCodingTask/Preview Content\"";
				ENABLE_PREVIEWS = YES;
				GENERATE_INFOPLIST_FILE = YES;
				INFOPLIST_KEY_UIApplicationSceneManifest_Generation = YES;
				INFOPLIST_KEY_UIApplicationSupportsIndirectInputEvents = YES;
				INFOPLIST_KEY_UILaunchScreen_Generation = YES;
				INFOPLIST_KEY_UISupportedInterfaceOrientations_iPad = "UIInterfaceOrientationPortrait UIInterfaceOrientationPortraitUpsideDown UIInterfaceOrientationLandscapeLeft UIInterfaceOrientationLandscapeRight";
				INFOPLIST_KEY_UISupportedInterfaceOrientations_iPhone = "UIInterfaceOrientationPortrait UIInterfaceOrientationLandscapeLeft UIInterfaceOrientationLandscapeRight";
				LD_RUNPATH_SEARCH_PATHS = (
					"$(inherited)",
					"@executable_path/Frameworks",
				);
				MARKETING_VERSION = 1.0;
				PRODUCT_BUNDLE_IDENTIFIER = maidesigns.NeurableCodingTask;
				PRODUCT_NAME = "$(TARGET_NAME)";
				SWIFT_EMIT_LOC_STRINGS = YES;
				SWIFT_VERSION = 5.0;
				TARGETED_DEVICE_FAMILY = "1,2";
			};
			name = Release;
		};
/* End XCBuildConfiguration section */

/* Begin XCConfigurationList section */
		1B8DAE812BD6B1E000FF842D /* Build configuration list for PBXProject "NeurableCodingTask" */ = {
			isa = XCConfigurationList;
			buildConfigurations = (
				1B8DAE922BD6B1E100FF842D /* Debug */,
				1B8DAE932BD6B1E100FF842D /* Release */,
			);
			defaultConfigurationIsVisible = 0;
			defaultConfigurationName = Release;
		};
		1B8DAE942BD6B1E100FF842D /* Build configuration list for PBXNativeTarget "NeurableCodingTask" */ = {
			isa = XCConfigurationList;
			buildConfigurations = (
				1B8DAE952BD6B1E100FF842D /* Debug */,
				1B8DAE962BD6B1E100FF842D /* Release */,
			);
			defaultConfigurationIsVisible = 0;
			defaultConfigurationName = Release;
		};
/* End XCConfigurationList section */

/* Begin XCRemoteSwiftPackageReference section */
		1B8DAE9B2BD6BDE300FF842D /* XCRemoteSwiftPackageReference "swift-protobuf" */ = {
			isa = XCRemoteSwiftPackageReference;
			repositoryURL = "https://github.com/apple/swift-protobuf.git";
			requirement = {
				kind = upToNextMajorVersion;
				minimumVersion = 1.26.0;
			};
		};
/* End XCRemoteSwiftPackageReference section */

/* Begin XCSwiftPackageProductDependency section */
		1B8DAE9C2BD6BDE300FF842D /* SwiftProtobuf */ = {
			isa = XCSwiftPackageProductDependency;
			package = 1B8DAE9B2BD6BDE300FF842D /* XCRemoteSwiftPackageReference "swift-protobuf" */;
			productName = SwiftProtobuf;
		};
		1B8DAE9E2BD6BDE300FF842D /* SwiftProtobufPluginLibrary */ = {
			isa = XCSwiftPackageProductDependency;
			package = 1B8DAE9B2BD6BDE300FF842D /* XCRemoteSwiftPackageReference "swift-protobuf" */;
			productName = SwiftProtobufPluginLibrary;
		};
		1B8DAEA02BD6BDE300FF842D /* protoc-gen-swift */ = {
			isa = XCSwiftPackageProductDependency;
			package = 1B8DAE9B2BD6BDE300FF842D /* XCRemoteSwiftPackageReference "swift-protobuf" */;
			productName = "protoc-gen-swift";
		};
/* End XCSwiftPackageProductDependency section */
	};
	rootObject = 1B8DAE7E2BD6B1E000FF842D /* Project object */;
}
